
Microsoft Visual Studio Solution File, Format Version 12.00
# Visual Studio Version 16
VisualStudioVersion = 16.0.30114.105
MinimumVisualStudioVersion = 10.0.40219.1
Project("{FAE04EC0-301F-11D3-BF4B-00C04F79EFBC}") = "ProEventos.Application", "ProEventos.Application\ProEventos.Application.csproj", "{7D6B4986-03E5-4EA2-8EDF-77B3A4D386EC}"
EndProject
Project("{FAE04EC0-301F-11D3-BF4B-00C04F79EFBC}") = "ProEventos.Domain", "ProEventos.Domain\ProEventos.Domain.csproj", "{A7F42870-0BAB-49CF-9A41-91EE71BF2A3D}"
EndProject
Project("{FAE04EC0-301F-11D3-BF4B-00C04F79EFBC}") = "ProEventos.Persistence", "ProEventos.Persistence\ProEventos.Persistence.csproj", "{EEDC034C-E55F-44CF-8A44-756423634BB1}"
EndProject
Project("{FAE04EC0-301F-11D3-BF4B-00C04F79EFBC}") = "ProEventos.API", "ProEventos.Api\ProEventos.API.csproj", "{39476B3D-67FD-42CB-B939-27128F830944}"
EndProject
Global
	GlobalSection(SolutionConfigurationPlatforms) = preSolution
		Debug|Any CPU = Debug|Any CPU
		Debug|x64 = Debug|x64
		Debug|x86 = Debug|x86
		Release|Any CPU = Release|Any CPU
		Release|x64 = Release|x64
		Release|x86 = Release|x86
	EndGlobalSection
	GlobalSection(SolutionProperties) = preSolution
		HideSolutionNode = FALSE
	EndGlobalSection
	GlobalSection(ProjectConfigurationPlatforms) = postSolution
		{7D6B4986-03E5-4EA2-8EDF-77B3A4D386EC}.Debug|Any CPU.ActiveCfg = Debug|Any CPU
		{7D6B4986-03E5-4EA2-8EDF-77B3A4D386EC}.Debug|Any CPU.Build.0 = Debug|Any CPU
		{7D6B4986-03E5-4EA2-8EDF-77B3A4D386EC}.Debug|x64.ActiveCfg = Debug|Any CPU
		{7D6B4986-03E5-4EA2-8EDF-77B3A4D386EC}.Debug|x64.Build.0 = Debug|Any CPU
		{7D6B4986-03E5-4EA2-8EDF-77B3A4D386EC}.Debug|x86.ActiveCfg = Debug|Any CPU
		{7D6B4986-03E5-4EA2-8EDF-77B3A4D386EC}.Debug|x86.Build.0 = Debug|Any CPU
		{7D6B4986-03E5-4EA2-8EDF-77B3A4D386EC}.Release|Any CPU.ActiveCfg = Release|Any CPU
		{7D6B4986-03E5-4EA2-8EDF-77B3A4D386EC}.Release|Any CPU.Build.0 = Release|Any CPU
		{7D6B4986-03E5-4EA2-8EDF-77B3A4D386EC}.Release|x64.ActiveCfg = Release|Any CPU
		{7D6B4986-03E5-4EA2-8EDF-77B3A4D386EC}.Release|x64.Build.0 = Release|Any CPU
		{7D6B4986-03E5-4EA2-8EDF-77B3A4D386EC}.Release|x86.ActiveCfg = Release|Any CPU
		{7D6B4986-03E5-4EA2-8EDF-77B3A4D386EC}.Release|x86.Build.0 = Release|Any CPU
		{A7F42870-0BAB-49CF-9A41-91EE71BF2A3D}.Debug|Any CPU.ActiveCfg = Debug|Any CPU
		{A7F42870-0BAB-49CF-9A41-91EE71BF2A3D}.Debug|Any CPU.Build.0 = Debug|Any CPU
		{A7F42870-0BAB-49CF-9A41-91EE71BF2A3D}.Debug|x64.ActiveCfg = Debug|Any CPU
		{A7F42870-0BAB-49CF-9A41-91EE71BF2A3D}.Debug|x64.Build.0 = Debug|Any CPU
		{A7F42870-0BAB-49CF-9A41-91EE71BF2A3D}.Debug|x86.ActiveCfg = Debug|Any CPU
		{A7F42870-0BAB-49CF-9A41-91EE71BF2A3D}.Debug|x86.Build.0 = Debug|Any CPU
		{A7F42870-0BAB-49CF-9A41-91EE71BF2A3D}.Release|Any CPU.ActiveCfg = Release|Any CPU
		{A7F42870-0BAB-49CF-9A41-91EE71BF2A3D}.Release|Any CPU.Build.0 = Release|Any CPU
		{A7F42870-0BAB-49CF-9A41-91EE71BF2A3D}.Release|x64.ActiveCfg = Release|Any CPU
		{A7F42870-0BAB-49CF-9A41-91EE71BF2A3D}.Release|x64.Build.0 = Release|Any CPU
		{A7F42870-0BAB-49CF-9A41-91EE71BF2A3D}.Release|x86.ActiveCfg = Release|Any CPU
		{A7F42870-0BAB-49CF-9A41-91EE71BF2A3D}.Release|x86.Build.0 = Release|Any CPU
		{EEDC034C-E55F-44CF-8A44-756423634BB1}.Debug|Any CPU.ActiveCfg = Debug|Any CPU
		{EEDC034C-E55F-44CF-8A44-756423634BB1}.Debug|Any CPU.Build.0 = Debug|Any CPU
		{EEDC034C-E55F-44CF-8A44-756423634BB1}.Debug|x64.ActiveCfg = Debug|Any CPU
		{EEDC034C-E55F-44CF-8A44-756423634BB1}.Debug|x64.Build.0 = Debug|Any CPU
		{EEDC034C-E55F-44CF-8A44-756423634BB1}.Debug|x86.ActiveCfg = Debug|Any CPU
		{EEDC034C-E55F-44CF-8A44-756423634BB1}.Debug|x86.Build.0 = Debug|Any CPU
		{EEDC034C-E55F-44CF-8A44-756423634BB1}.Release|Any CPU.ActiveCfg = Release|Any CPU
		{EEDC034C-E55F-44CF-8A44-756423634BB1}.Release|Any CPU.Build.0 = Release|Any CPU
		{EEDC034C-E55F-44CF-8A44-756423634BB1}.Release|x64.ActiveCfg = Release|Any CPU
		{EEDC034C-E55F-44CF-8A44-756423634BB1}.Release|x64.Build.0 = Release|Any CPU
		{EEDC034C-E55F-44CF-8A44-756423634BB1}.Release|x86.ActiveCfg = Release|Any CPU
		{EEDC034C-E55F-44CF-8A44-756423634BB1}.Release|x86.Build.0 = Release|Any CPU
		{39476B3D-67FD-42CB-B939-27128F830944}.Debug|Any CPU.ActiveCfg = Debug|Any CPU
		{39476B3D-67FD-42CB-B939-27128F830944}.Debug|Any CPU.Build.0 = Debug|Any CPU
		{39476B3D-67FD-42CB-B939-27128F830944}.Debug|x64.ActiveCfg = Debug|Any CPU
		{39476B3D-67FD-42CB-B939-27128F830944}.Debug|x64.Build.0 = Debug|Any CPU
		{39476B3D-67FD-42CB-B939-27128F830944}.Debug|x86.ActiveCfg = Debug|Any CPU
		{39476B3D-67FD-42CB-B939-27128F830944}.Debug|x86.Build.0 = Debug|Any CPU
		{39476B3D-67FD-42CB-B939-27128F830944}.Release|Any CPU.ActiveCfg = Release|Any CPU
		{39476B3D-67FD-42CB-B939-27128F830944}.Release|Any CPU.Build.0 = Release|Any CPU
		{39476B3D-67FD-42CB-B939-27128F830944}.Release|x64.ActiveCfg = Release|Any CPU
		{39476B3D-67FD-42CB-B939-27128F830944}.Release|x64.Build.0 = Release|Any CPU
		{39476B3D-67FD-42CB-B939-27128F830944}.Release|x86.ActiveCfg = Release|Any CPU
		{39476B3D-67FD-42CB-B939-27128F830944}.Release|x86.Build.0 = Release|Any CPU
	EndGlobalSection
EndGlobal
